
Microsoft Visual Studio Solution File, Format Version 12.00
# Visual Studio Version 16
VisualStudioVersion = 16.0.30011.22
MinimumVisualStudioVersion = 10.0.40219.1
Project("{FAE04EC0-301F-11D3-BF4B-00C04F79EFBC}") = "ProjetoMVC18", "ProjetoMVC18\ProjetoMVC18.csproj", "{A69A759F-C901-4A43-81CC-002844F61B70}"
EndProject
Global
	GlobalSection(SolutionConfigurationPlatforms) = preSolution
		Debug|Any CPU = Debug|Any CPU
		Release|Any CPU = Release|Any CPU
	EndGlobalSection
	GlobalSection(ProjectConfigurationPlatforms) = postSolution
		{A69A759F-C901-4A43-81CC-002844F61B70}.Debug|Any CPU.ActiveCfg = Debug|Any CPU
		{A69A759F-C901-4A43-81CC-002844F61B70}.Debug|Any CPU.Build.0 = Debug|Any CPU
		{A69A759F-C901-4A43-81CC-002844F61B70}.Release|Any CPU.ActiveCfg = Release|Any CPU
		{A69A759F-C901-4A43-81CC-002844F61B70}.Release|Any CPU.Build.0 = Release|Any CPU
	EndGlobalSection
	GlobalSection(SolutionProperties) = preSolution
		HideSolutionNode = FALSE
	EndGlobalSection
	GlobalSection(ExtensibilityGlobals) = postSolution
		SolutionGuid = {8B539F3D-0C34-4E65-B710-A69BF47E1B7B}
	EndGlobalSection
EndGlobal
